// !$*UTF8*$!
{
	archiveVersion = 1;
	classes = {
	};
	objectVersion = 56;
	objects = {

/* Begin PBXBuildFile section */
		0824409F2BEA389F00842E87 /* JourneeApp.swift in Sources */ = {isa = PBXBuildFile; fileRef = 0824409E2BEA389F00842E87 /* JourneeApp.swift */; };
		082440A12BEA389F00842E87 /* JourneeView.swift in Sources */ = {isa = PBXBuildFile; fileRef = 082440A02BEA389F00842E87 /* JourneeView.swift */; };
		082440A32BEA38A100842E87 /* Assets.xcassets in Resources */ = {isa = PBXBuildFile; fileRef = 082440A22BEA38A100842E87 /* Assets.xcassets */; };
		082440A62BEA38A100842E87 /* Preview Assets.xcassets in Resources */ = {isa = PBXBuildFile; fileRef = 082440A52BEA38A100842E87 /* Preview Assets.xcassets */; };
		082440B02BEA425100842E87 /* Log.swift in Sources */ = {isa = PBXBuildFile; fileRef = 082440AF2BEA425100842E87 /* Log.swift */; };
		082440B22BEA479500842E87 /* LogRowView.swift in Sources */ = {isa = PBXBuildFile; fileRef = 082440B12BEA479500842E87 /* LogRowView.swift */; };
		082440B42BEA6AEF00842E87 /* LogView.swift in Sources */ = {isa = PBXBuildFile; fileRef = 082440B32BEA6AEF00842E87 /* LogView.swift */; };
		08B7A0A42BEE095F009D6065 /* SampleJournee.swift in Sources */ = {isa = PBXBuildFile; fileRef = 08B7A0A32BEE095F009D6065 /* SampleJournee.swift */; };
		08B7A0A72BEE0AB8009D6065 /* PreviewSampleData.swift in Sources */ = {isa = PBXBuildFile; fileRef = 08B7A0A62BEE0AB8009D6065 /* PreviewSampleData.swift */; };
/* End PBXBuildFile section */

/* Begin PBXFileReference section */
		0824409B2BEA389F00842E87 /* Journee.app */ = {isa = PBXFileReference; explicitFileType = wrapper.application; includeInIndex = 0; path = Journee.app; sourceTree = BUILT_PRODUCTS_DIR; };
		0824409E2BEA389F00842E87 /* JourneeApp.swift */ = {isa = PBXFileReference; lastKnownFileType = sourcecode.swift; path = JourneeApp.swift; sourceTree = "<group>"; };
		082440A02BEA389F00842E87 /* JourneeView.swift */ = {isa = PBXFileReference; lastKnownFileType = sourcecode.swift; path = JourneeView.swift; sourceTree = "<group>"; };
		082440A22BEA38A100842E87 /* Assets.xcassets */ = {isa = PBXFileReference; lastKnownFileType = folder.assetcatalog; path = Assets.xcassets; sourceTree = "<group>"; };
		082440A52BEA38A100842E87 /* Preview Assets.xcassets */ = {isa = PBXFileReference; lastKnownFileType = folder.assetcatalog; path = "Preview Assets.xcassets"; sourceTree = "<group>"; };
		082440AF2BEA425100842E87 /* Log.swift */ = {isa = PBXFileReference; lastKnownFileType = sourcecode.swift; path = Log.swift; sourceTree = "<group>"; };
		082440B12BEA479500842E87 /* LogRowView.swift */ = {isa = PBXFileReference; lastKnownFileType = sourcecode.swift; path = LogRowView.swift; sourceTree = "<group>"; };
		082440B32BEA6AEF00842E87 /* LogView.swift */ = {isa = PBXFileReference; lastKnownFileType = sourcecode.swift; path = LogView.swift; sourceTree = "<group>"; };
		08B7A0A32BEE095F009D6065 /* SampleJournee.swift */ = {isa = PBXFileReference; lastKnownFileType = sourcecode.swift; path = SampleJournee.swift; sourceTree = "<group>"; };
		08B7A0A62BEE0AB8009D6065 /* PreviewSampleData.swift */ = {isa = PBXFileReference; lastKnownFileType = sourcecode.swift; path = PreviewSampleData.swift; sourceTree = "<group>"; };
/* End PBXFileReference section */

/* Begin PBXFrameworksBuildPhase section */
		082440982BEA389F00842E87 /* Frameworks */ = {
			isa = PBXFrameworksBuildPhase;
			buildActionMask = 2147483647;
			files = (
			);
			runOnlyForDeploymentPostprocessing = 0;
		};
/* End PBXFrameworksBuildPhase section */

/* Begin PBXGroup section */
		082440922BEA389F00842E87 = {
			isa = PBXGroup;
			children = (
				0824409D2BEA389F00842E87 /* Journee */,
				0824409C2BEA389F00842E87 /* Products */,
			);
			sourceTree = "<group>";
		};
		0824409C2BEA389F00842E87 /* Products */ = {
			isa = PBXGroup;
			children = (
				0824409B2BEA389F00842E87 /* Journee.app */,
			);
			name = Products;
			sourceTree = "<group>";
		};
		0824409D2BEA389F00842E87 /* Journee */ = {
			isa = PBXGroup;
			children = (
				082440AC2BEA38CA00842E87 /* App */,
				082440AE2BEA41EA00842E87 /* Model */,
				08B7A0A52BEE0A24009D6065 /* Support */,
				082440AD2BEA38D400842E87 /* Views */,
				082440A22BEA38A100842E87 /* Assets.xcassets */,
				082440A42BEA38A100842E87 /* Preview Content */,
			);
			path = Journee;
			sourceTree = "<group>";
		};
		082440A42BEA38A100842E87 /* Preview Content */ = {
			isa = PBXGroup;
			children = (
				082440A52BEA38A100842E87 /* Preview Assets.xcassets */,
			);
			path = "Preview Content";
			sourceTree = "<group>";
		};
		082440AC2BEA38CA00842E87 /* App */ = {
			isa = PBXGroup;
			children = (
				0824409E2BEA389F00842E87 /* JourneeApp.swift */,
			);
			path = App;
			sourceTree = "<group>";
		};
		082440AD2BEA38D400842E87 /* Views */ = {
			isa = PBXGroup;
			children = (
				082440A02BEA389F00842E87 /* JourneeView.swift */,
				082440B12BEA479500842E87 /* LogRowView.swift */,
				082440B32BEA6AEF00842E87 /* LogView.swift */,
			);
			path = Views;
			sourceTree = "<group>";
		};
		082440AE2BEA41EA00842E87 /* Model */ = {
			isa = PBXGroup;
			children = (
				082440AF2BEA425100842E87 /* Log.swift */,
				08B7A0A32BEE095F009D6065 /* SampleJournee.swift */,
			);
			path = Model;
			sourceTree = "<group>";
		};
		08B7A0A52BEE0A24009D6065 /* Support */ = {
			isa = PBXGroup;
			children = (
				08B7A0A62BEE0AB8009D6065 /* PreviewSampleData.swift */,
			);
			path = Support;
			sourceTree = "<group>";
		};
/* End PBXGroup section */

/* Begin PBXNativeTarget section */
		0824409A2BEA389F00842E87 /* Journee */ = {
			isa = PBXNativeTarget;
			buildConfigurationList = 082440A92BEA38A100842E87 /* Build configuration list for PBXNativeTarget "Journee" */;
			buildPhases = (
				082440972BEA389F00842E87 /* Sources */,
				082440982BEA389F00842E87 /* Frameworks */,
				082440992BEA389F00842E87 /* Resources */,
			);
			buildRules = (
			);
			dependencies = (
			);
			name = Journee;
			productName = Journee;
			productReference = 0824409B2BEA389F00842E87 /* Journee.app */;
			productType = "com.apple.product-type.application";
		};
/* End PBXNativeTarget section */

/* Begin PBXProject section */
		082440932BEA389F00842E87 /* Project object */ = {
			isa = PBXProject;
			attributes = {
				BuildIndependentTargetsInParallel = 1;
				LastSwiftUpdateCheck = 1530;
				LastUpgradeCheck = 1530;
				TargetAttributes = {
					0824409A2BEA389F00842E87 = {
						CreatedOnToolsVersion = 15.3;
					};
				};
			};
			buildConfigurationList = 082440962BEA389F00842E87 /* Build configuration list for PBXProject "Journee" */;
			compatibilityVersion = "Xcode 14.0";
			developmentRegion = en;
			hasScannedForEncodings = 0;
			knownRegions = (
				en,
				Base,
			);
			mainGroup = 082440922BEA389F00842E87;
			productRefGroup = 0824409C2BEA389F00842E87 /* Products */;
			projectDirPath = "";
			projectRoot = "";
			targets = (
				0824409A2BEA389F00842E87 /* Journee */,
			);
		};
/* End PBXProject section */

/* Begin PBXResourcesBuildPhase section */
		082440992BEA389F00842E87 /* Resources */ = {
			isa = PBXResourcesBuildPhase;
			buildActionMask = 2147483647;
			files = (
				082440A62BEA38A100842E87 /* Preview Assets.xcassets in Resources */,
				082440A32BEA38A100842E87 /* Assets.xcassets in Resources */,
			);
			runOnlyForDeploymentPostprocessing = 0;
		};
/* End PBXResourcesBuildPhase section */

/* Begin PBXSourcesBuildPhase section */
		082440972BEA389F00842E87 /* Sources */ = {
			isa = PBXSourcesBuildPhase;
			buildActionMask = 2147483647;
			files = (
				082440B22BEA479500842E87 /* LogRowView.swift in Sources */,
				082440A12BEA389F00842E87 /* JourneeView.swift in Sources */,
				0824409F2BEA389F00842E87 /* JourneeApp.swift in Sources */,
				082440B42BEA6AEF00842E87 /* LogView.swift in Sources */,
				08B7A0A72BEE0AB8009D6065 /* PreviewSampleData.swift in Sources */,
				08B7A0A42BEE095F009D6065 /* SampleJournee.swift in Sources */,
				082440B02BEA425100842E87 /* Log.swift in Sources */,
			);
			runOnlyForDeploymentPostprocessing = 0;
		};
/* End PBXSourcesBuildPhase section */

/* Begin XCBuildConfiguration section */
		082440A72BEA38A100842E87 /* Debug */ = {
			isa = XCBuildConfiguration;
			buildSettings = {
				ALWAYS_SEARCH_USER_PATHS = NO;
				ASSETCATALOG_COMPILER_GENERATE_SWIFT_ASSET_SYMBOL_EXTENSIONS = YES;
				CLANG_ANALYZER_NONNULL = YES;
				CLANG_ANALYZER_NUMBER_OBJECT_CONVERSION = YES_AGGRESSIVE;
				CLANG_CXX_LANGUAGE_STANDARD = "gnu++20";
				CLANG_ENABLE_MODULES = YES;
				CLANG_ENABLE_OBJC_ARC = YES;
				CLANG_ENABLE_OBJC_WEAK = YES;
				CLANG_WARN_BLOCK_CAPTURE_AUTORELEASING = YES;
				CLANG_WARN_BOOL_CONVERSION = YES;
				CLANG_WARN_COMMA = YES;
				CLANG_WARN_CONSTANT_CONVERSION = YES;
				CLANG_WARN_DEPRECATED_OBJC_IMPLEMENTATIONS = YES;
				CLANG_WARN_DIRECT_OBJC_ISA_USAGE = YES_ERROR;
				CLANG_WARN_DOCUMENTATION_COMMENTS = YES;
				CLANG_WARN_EMPTY_BODY = YES;
				CLANG_WARN_ENUM_CONVERSION = YES;
				CLANG_WARN_INFINITE_RECURSION = YES;
				CLANG_WARN_INT_CONVERSION = YES;
				CLANG_WARN_NON_LITERAL_NULL_CONVERSION = YES;
				CLANG_WARN_OBJC_IMPLICIT_RETAIN_SELF = YES;
				CLANG_WARN_OBJC_LITERAL_CONVERSION = YES;
				CLANG_WARN_OBJC_ROOT_CLASS = YES_ERROR;
				CLANG_WARN_QUOTED_INCLUDE_IN_FRAMEWORK_HEADER = YES;
				CLANG_WARN_RANGE_LOOP_ANALYSIS = YES;
				CLANG_WARN_STRICT_PROTOTYPES = YES;
				CLANG_WARN_SUSPICIOUS_MOVE = YES;
				CLANG_WARN_UNGUARDED_AVAILABILITY = YES_AGGRESSIVE;
				CLANG_WARN_UNREACHABLE_CODE = YES;
				CLANG_WARN__DUPLICATE_METHOD_MATCH = YES;
				COPY_PHASE_STRIP = NO;
				DEBUG_INFORMATION_FORMAT = dwarf;
				ENABLE_STRICT_OBJC_MSGSEND = YES;
				ENABLE_TESTABILITY = YES;
				ENABLE_USER_SCRIPT_SANDBOXING = YES;
				GCC_C_LANGUAGE_STANDARD = gnu17;
				GCC_DYNAMIC_NO_PIC = NO;
				GCC_NO_COMMON_BLOCKS = YES;
				GCC_OPTIMIZATION_LEVEL = 0;
				GCC_PREPROCESSOR_DEFINITIONS = (
					"DEBUG=1",
					"$(inherited)",
				);
				GCC_WARN_64_TO_32_BIT_CONVERSION = YES;
				GCC_WARN_ABOUT_RETURN_TYPE = YES_ERROR;
				GCC_WARN_UNDECLARED_SELECTOR = YES;
				GCC_WARN_UNINITIALIZED_AUTOS = YES_AGGRESSIVE;
				GCC_WARN_UNUSED_FUNCTION = YES;
				GCC_WARN_UNUSED_VARIABLE = YES;
				IPHONEOS_DEPLOYMENT_TARGET = 17.4;
				LOCALIZATION_PREFERS_STRING_CATALOGS = YES;
				MTL_ENABLE_DEBUG_INFO = INCLUDE_SOURCE;
				MTL_FAST_MATH = YES;
				ONLY_ACTIVE_ARCH = YES;
				SDKROOT = iphoneos;
				SWIFT_ACTIVE_COMPILATION_CONDITIONS = "DEBUG $(inherited)";
				SWIFT_OPTIMIZATION_LEVEL = "-Onone";
			};
			name = Debug;
		};
		082440A82BEA38A100842E87 /* Release */ = {
			isa = XCBuildConfiguration;
			buildSettings = {
				ALWAYS_SEARCH_USER_PATHS = NO;
				ASSETCATALOG_COMPILER_GENERATE_SWIFT_ASSET_SYMBOL_EXTENSIONS = YES;
				CLANG_ANALYZER_NONNULL = YES;
				CLANG_ANALYZER_NUMBER_OBJECT_CONVERSION = YES_AGGRESSIVE;
				CLANG_CXX_LANGUAGE_STANDARD = "gnu++20";
				CLANG_ENABLE_MODULES = YES;
				CLANG_ENABLE_OBJC_ARC = YES;
				CLANG_ENABLE_OBJC_WEAK = YES;
				CLANG_WARN_BLOCK_CAPTURE_AUTORELEASING = YES;
				CLANG_WARN_BOOL_CONVERSION = YES;
				CLANG_WARN_COMMA = YES;
				CLANG_WARN_CONSTANT_CONVERSION = YES;
				CLANG_WARN_DEPRECATED_OBJC_IMPLEMENTATIONS = YES;
				CLANG_WARN_DIRECT_OBJC_ISA_USAGE = YES_ERROR;
				CLANG_WARN_DOCUMENTATION_COMMENTS = YES;
				CLANG_WARN_EMPTY_BODY = YES;
				CLANG_WARN_ENUM_CONVERSION = YES;
				CLANG_WARN_INFINITE_RECURSION = YES;
				CLANG_WARN_INT_CONVERSION = YES;
				CLANG_WARN_NON_LITERAL_NULL_CONVERSION = YES;
				CLANG_WARN_OBJC_IMPLICIT_RETAIN_SELF = YES;
				CLANG_WARN_OBJC_LITERAL_CONVERSION = YES;
				CLANG_WARN_OBJC_ROOT_CLASS = YES_ERROR;
				CLANG_WARN_QUOTED_INCLUDE_IN_FRAMEWORK_HEADER = YES;
				CLANG_WARN_RANGE_LOOP_ANALYSIS = YES;
				CLANG_WARN_STRICT_PROTOTYPES = YES;
				CLANG_WARN_SUSPICIOUS_MOVE = YES;
				CLANG_WARN_UNGUARDED_AVAILABILITY = YES_AGGRESSIVE;
				CLANG_WARN_UNREACHABLE_CODE = YES;
				CLANG_WARN__DUPLICATE_METHOD_MATCH = YES;
				COPY_PHASE_STRIP = NO;
				DEBUG_INFORMATION_FORMAT = "dwarf-with-dsym";
				ENABLE_NS_ASSERTIONS = NO;
				ENABLE_STRICT_OBJC_MSGSEND = YES;
				ENABLE_USER_SCRIPT_SANDBOXING = YES;
				GCC_C_LANGUAGE_STANDARD = gnu17;
				GCC_NO_COMMON_BLOCKS = YES;
				GCC_WARN_64_TO_32_BIT_CONVERSION = YES;
				GCC_WARN_ABOUT_RETURN_TYPE = YES_ERROR;
				GCC_WARN_UNDECLARED_SELECTOR = YES;
				GCC_WARN_UNINITIALIZED_AUTOS = YES_AGGRESSIVE;
				GCC_WARN_UNUSED_FUNCTION = YES;
				GCC_WARN_UNUSED_VARIABLE = YES;
				IPHONEOS_DEPLOYMENT_TARGET = 17.4;
				LOCALIZATION_PREFERS_STRING_CATALOGS = YES;
				MTL_ENABLE_DEBUG_INFO = NO;
				MTL_FAST_MATH = YES;
				SDKROOT = iphoneos;
				SWIFT_COMPILATION_MODE = wholemodule;
				VALIDATE_PRODUCT = YES;
			};
			name = Release;
		};
		082440AA2BEA38A100842E87 /* Debug */ = {
			isa = XCBuildConfiguration;
			buildSettings = {
				ASSETCATALOG_COMPILER_APPICON_NAME = AppIcon;
				ASSETCATALOG_COMPILER_GLOBAL_ACCENT_COLOR_NAME = AccentColor;
				CODE_SIGN_STYLE = Automatic;
				CURRENT_PROJECT_VERSION = 1;
				DEVELOPMENT_ASSET_PATHS = "\"Journee/Preview Content\"";
				ENABLE_PREVIEWS = YES;
				GENERATE_INFOPLIST_FILE = YES;
				INFOPLIST_KEY_UIApplicationSceneManifest_Generation = YES;
				INFOPLIST_KEY_UIApplicationSupportsIndirectInputEvents = YES;
				INFOPLIST_KEY_UILaunchScreen_Generation = YES;
				INFOPLIST_KEY_UISupportedInterfaceOrientations_iPad = "UIInterfaceOrientationPortrait UIInterfaceOrientationPortraitUpsideDown UIInterfaceOrientationLandscapeLeft UIInterfaceOrientationLandscapeRight";
				INFOPLIST_KEY_UISupportedInterfaceOrientations_iPhone = "UIInterfaceOrientationPortrait UIInterfaceOrientationLandscapeLeft UIInterfaceOrientationLandscapeRight";
				LD_RUNPATH_SEARCH_PATHS = (
					"$(inherited)",
					"@executable_path/Frameworks",
				);
				MARKETING_VERSION = 1.0;
				PRODUCT_BUNDLE_IDENTIFIER = dev.mzio.Journee;
				PRODUCT_NAME = "$(TARGET_NAME)";
				SWIFT_EMIT_LOC_STRINGS = YES;
				SWIFT_VERSION = 5.0;
				TARGETED_DEVICE_FAMILY = "1,2";
			};
			name = Debug;
		};
		082440AB2BEA38A100842E87 /* Release */ = {
			isa = XCBuildConfiguration;
			buildSettings = {
				ASSETCATALOG_COMPILER_APPICON_NAME = AppIcon;
				ASSETCATALOG_COMPILER_GLOBAL_ACCENT_COLOR_NAME = AccentColor;
				CODE_SIGN_STYLE = Automatic;
				CURRENT_PROJECT_VERSION = 1;
				DEVELOPMENT_ASSET_PATHS = "\"Journee/Preview Content\"";
				ENABLE_PREVIEWS = YES;
				GENERATE_INFOPLIST_FILE = YES;
				INFOPLIST_KEY_UIApplicationSceneManifest_Generation = YES;
				INFOPLIST_KEY_UIApplicationSupportsIndirectInputEvents = YES;
				INFOPLIST_KEY_UILaunchScreen_Generation = YES;
				INFOPLIST_KEY_UISupportedInterfaceOrientations_iPad = "UIInterfaceOrientationPortrait UIInterfaceOrientationPortraitUpsideDown UIInterfaceOrientationLandscapeLeft UIInterfaceOrientationLandscapeRight";
				INFOPLIST_KEY_UISupportedInterfaceOrientations_iPhone = "UIInterfaceOrientationPortrait UIInterfaceOrientationLandscapeLeft UIInterfaceOrientationLandscapeRight";
				LD_RUNPATH_SEARCH_PATHS = (
					"$(inherited)",
					"@executable_path/Frameworks",
				);
				MARKETING_VERSION = 1.0;
				PRODUCT_BUNDLE_IDENTIFIER = dev.mzio.Journee;
				PRODUCT_NAME = "$(TARGET_NAME)";
				SWIFT_EMIT_LOC_STRINGS = YES;
				SWIFT_VERSION = 5.0;
				TARGETED_DEVICE_FAMILY = "1,2";
			};
			name = Release;
		};
/* End XCBuildConfiguration section */

/* Begin XCConfigurationList section */
		082440962BEA389F00842E87 /* Build configuration list for PBXProject "Journee" */ = {
			isa = XCConfigurationList;
			buildConfigurations = (
				082440A72BEA38A100842E87 /* Debug */,
				082440A82BEA38A100842E87 /* Release */,
			);
			defaultConfigurationIsVisible = 0;
			defaultConfigurationName = Release;
		};
		082440A92BEA38A100842E87 /* Build configuration list for PBXNativeTarget "Journee" */ = {
			isa = XCConfigurationList;
			buildConfigurations = (
				082440AA2BEA38A100842E87 /* Debug */,
				082440AB2BEA38A100842E87 /* Release */,
			);
			defaultConfigurationIsVisible = 0;
			defaultConfigurationName = Release;
		};
/* End XCConfigurationList section */
	};
	rootObject = 082440932BEA389F00842E87 /* Project object */;
}
